// !$*UTF8*$!
{
	archiveVersion = 1;
	classes = {
	};
	objectVersion = 50;
	objects = {

/* Begin PBXBuildFile section */
		7F06701C258975CF00CF0E9E /* AppDelegate.swift in Sources */ = {isa = PBXBuildFile; fileRef = 7F06701B258975CF00CF0E9E /* AppDelegate.swift */; };
		7F06701E258975CF00CF0E9E /* SceneDelegate.swift in Sources */ = {isa = PBXBuildFile; fileRef = 7F06701D258975CF00CF0E9E /* SceneDelegate.swift */; };
		7F067020258975CF00CF0E9E /* ContentView.swift in Sources */ = {isa = PBXBuildFile; fileRef = 7F06701F258975CF00CF0E9E /* ContentView.swift */; };
		7F067022258975D000CF0E9E /* Assets.xcassets in Resources */ = {isa = PBXBuildFile; fileRef = 7F067021258975D000CF0E9E /* Assets.xcassets */; };
		7F067025258975D000CF0E9E /* Preview Assets.xcassets in Resources */ = {isa = PBXBuildFile; fileRef = 7F067024258975D000CF0E9E /* Preview Assets.xcassets */; };
		7F067028258975D000CF0E9E /* LaunchScreen.storyboard in Resources */ = {isa = PBXBuildFile; fileRef = 7F067026258975D000CF0E9E /* LaunchScreen.storyboard */; };
		7F067033258975D000CF0E9E /* ThoughtsTests.swift in Sources */ = {isa = PBXBuildFile; fileRef = 7F067032258975D000CF0E9E /* ThoughtsTests.swift */; };
		7F06703E258975D000CF0E9E /* ThoughtsUITests.swift in Sources */ = {isa = PBXBuildFile; fileRef = 7F06703D258975D000CF0E9E /* ThoughtsUITests.swift */; };
/* End PBXBuildFile section */

/* Begin PBXContainerItemProxy section */
		7F06702F258975D000CF0E9E /* PBXContainerItemProxy */ = {
			isa = PBXContainerItemProxy;
			containerPortal = 7F067010258975CF00CF0E9E /* Project object */;
			proxyType = 1;
			remoteGlobalIDString = 7F067017258975CF00CF0E9E;
			remoteInfo = Thoughts;
		};
		7F06703A258975D000CF0E9E /* PBXContainerItemProxy */ = {
			isa = PBXContainerItemProxy;
			containerPortal = 7F067010258975CF00CF0E9E /* Project object */;
			proxyType = 1;
			remoteGlobalIDString = 7F067017258975CF00CF0E9E;
			remoteInfo = Thoughts;
		};
/* End PBXContainerItemProxy section */

/* Begin PBXFileReference section */
		7F067018258975CF00CF0E9E /* Thoughts.app */ = {isa = PBXFileReference; explicitFileType = wrapper.application; includeInIndex = 0; path = Thoughts.app; sourceTree = BUILT_PRODUCTS_DIR; };
		7F06701B258975CF00CF0E9E /* AppDelegate.swift */ = {isa = PBXFileReference; lastKnownFileType = sourcecode.swift; path = AppDelegate.swift; sourceTree = "<group>"; };
		7F06701D258975CF00CF0E9E /* SceneDelegate.swift */ = {isa = PBXFileReference; lastKnownFileType = sourcecode.swift; path = SceneDelegate.swift; sourceTree = "<group>"; };
		7F06701F258975CF00CF0E9E /* ContentView.swift */ = {isa = PBXFileReference; lastKnownFileType = sourcecode.swift; path = ContentView.swift; sourceTree = "<group>"; };
		7F067021258975D000CF0E9E /* Assets.xcassets */ = {isa = PBXFileReference; lastKnownFileType = folder.assetcatalog; path = Assets.xcassets; sourceTree = "<group>"; };
		7F067024258975D000CF0E9E /* Preview Assets.xcassets */ = {isa = PBXFileReference; lastKnownFileType = folder.assetcatalog; path = "Preview Assets.xcassets"; sourceTree = "<group>"; };
		7F067027258975D000CF0E9E /* Base */ = {isa = PBXFileReference; lastKnownFileType = file.storyboard; name = Base; path = Base.lproj/LaunchScreen.storyboard; sourceTree = "<group>"; };
		7F067029258975D000CF0E9E /* Info.plist */ = {isa = PBXFileReference; lastKnownFileType = text.plist.xml; path = Info.plist; sourceTree = "<group>"; };
		7F06702E258975D000CF0E9E /* ThoughtsTests.xctest */ = {isa = PBXFileReference; explicitFileType = wrapper.cfbundle; includeInIndex = 0; path = ThoughtsTests.xctest; sourceTree = BUILT_PRODUCTS_DIR; };
		7F067032258975D000CF0E9E /* ThoughtsTests.swift */ = {isa = PBXFileReference; lastKnownFileType = sourcecode.swift; path = ThoughtsTests.swift; sourceTree = "<group>"; };
		7F067034258975D000CF0E9E /* Info.plist */ = {isa = PBXFileReference; lastKnownFileType = text.plist.xml; path = Info.plist; sourceTree = "<group>"; };
		7F067039258975D000CF0E9E /* ThoughtsUITests.xctest */ = {isa = PBXFileReference; explicitFileType = wrapper.cfbundle; includeInIndex = 0; path = ThoughtsUITests.xctest; sourceTree = BUILT_PRODUCTS_DIR; };
		7F06703D258975D000CF0E9E /* ThoughtsUITests.swift */ = {isa = PBXFileReference; lastKnownFileType = sourcecode.swift; path = ThoughtsUITests.swift; sourceTree = "<group>"; };
		7F06703F258975D000CF0E9E /* Info.plist */ = {isa = PBXFileReference; lastKnownFileType = text.plist.xml; path = Info.plist; sourceTree = "<group>"; };
/* End PBXFileReference section */

/* Begin PBXFrameworksBuildPhase section */
		7F067015258975CF00CF0E9E /* Frameworks */ = {
			isa = PBXFrameworksBuildPhase;
			buildActionMask = 2147483647;
			files = (
			);
			runOnlyForDeploymentPostprocessing = 0;
		};
		7F06702B258975D000CF0E9E /* Frameworks */ = {
			isa = PBXFrameworksBuildPhase;
			buildActionMask = 2147483647;
			files = (
			);
			runOnlyForDeploymentPostprocessing = 0;
		};
		7F067036258975D000CF0E9E /* Frameworks */ = {
			isa = PBXFrameworksBuildPhase;
			buildActionMask = 2147483647;
			files = (
			);
			runOnlyForDeploymentPostprocessing = 0;
		};
/* End PBXFrameworksBuildPhase section */

/* Begin PBXGroup section */
		7F06700F258975CF00CF0E9E = {
			isa = PBXGroup;
			children = (
				7F06701A258975CF00CF0E9E /* Thoughts */,
				7F067031258975D000CF0E9E /* ThoughtsTests */,
				7F06703C258975D000CF0E9E /* ThoughtsUITests */,
				7F067019258975CF00CF0E9E /* Products */,
			);
			sourceTree = "<group>";
		};
		7F067019258975CF00CF0E9E /* Products */ = {
			isa = PBXGroup;
			children = (
				7F067018258975CF00CF0E9E /* Thoughts.app */,
				7F06702E258975D000CF0E9E /* ThoughtsTests.xctest */,
				7F067039258975D000CF0E9E /* ThoughtsUITests.xctest */,
			);
			name = Products;
			sourceTree = "<group>";
		};
		7F06701A258975CF00CF0E9E /* Thoughts */ = {
			isa = PBXGroup;
			children = (
				7F06701B258975CF00CF0E9E /* AppDelegate.swift */,
				7F06701D258975CF00CF0E9E /* SceneDelegate.swift */,
				7F06701F258975CF00CF0E9E /* ContentView.swift */,
				7F067021258975D000CF0E9E /* Assets.xcassets */,
				7F067026258975D000CF0E9E /* LaunchScreen.storyboard */,
				7F067029258975D000CF0E9E /* Info.plist */,
				7F067023258975D000CF0E9E /* Preview Content */,
			);
			path = Thoughts;
			sourceTree = "<group>";
		};
		7F067023258975D000CF0E9E /* Preview Content */ = {
			isa = PBXGroup;
			children = (
				7F067024258975D000CF0E9E /* Preview Assets.xcassets */,
			);
			path = "Preview Content";
			sourceTree = "<group>";
		};
		7F067031258975D000CF0E9E /* ThoughtsTests */ = {
			isa = PBXGroup;
			children = (
				7F067032258975D000CF0E9E /* ThoughtsTests.swift */,
				7F067034258975D000CF0E9E /* Info.plist */,
			);
			path = ThoughtsTests;
			sourceTree = "<group>";
		};
		7F06703C258975D000CF0E9E /* ThoughtsUITests */ = {
			isa = PBXGroup;
			children = (
				7F06703D258975D000CF0E9E /* ThoughtsUITests.swift */,
				7F06703F258975D000CF0E9E /* Info.plist */,
			);
			path = ThoughtsUITests;
			sourceTree = "<group>";
		};
/* End PBXGroup section */

/* Begin PBXNativeTarget section */
		7F067017258975CF00CF0E9E /* Thoughts */ = {
			isa = PBXNativeTarget;
			buildConfigurationList = 7F067042258975D000CF0E9E /* Build configuration list for PBXNativeTarget "Thoughts" */;
			buildPhases = (
				7F067014258975CF00CF0E9E /* Sources */,
				7F067015258975CF00CF0E9E /* Frameworks */,
				7F067016258975CF00CF0E9E /* Resources */,
			);
			buildRules = (
			);
			dependencies = (
			);
			name = Thoughts;
			productName = Thoughts;
			productReference = 7F067018258975CF00CF0E9E /* Thoughts.app */;
			productType = "com.apple.product-type.application";
		};
		7F06702D258975D000CF0E9E /* ThoughtsTests */ = {
			isa = PBXNativeTarget;
			buildConfigurationList = 7F067045258975D000CF0E9E /* Build configuration list for PBXNativeTarget "ThoughtsTests" */;
			buildPhases = (
				7F06702A258975D000CF0E9E /* Sources */,
				7F06702B258975D000CF0E9E /* Frameworks */,
				7F06702C258975D000CF0E9E /* Resources */,
			);
			buildRules = (
			);
			dependencies = (
				7F067030258975D000CF0E9E /* PBXTargetDependency */,
			);
			name = ThoughtsTests;
			productName = ThoughtsTests;
			productReference = 7F06702E258975D000CF0E9E /* ThoughtsTests.xctest */;
			productType = "com.apple.product-type.bundle.unit-test";
		};
		7F067038258975D000CF0E9E /* ThoughtsUITests */ = {
			isa = PBXNativeTarget;
			buildConfigurationList = 7F067048258975D000CF0E9E /* Build configuration list for PBXNativeTarget "ThoughtsUITests" */;
			buildPhases = (
				7F067035258975D000CF0E9E /* Sources */,
				7F067036258975D000CF0E9E /* Frameworks */,
				7F067037258975D000CF0E9E /* Resources */,
			);
			buildRules = (
			);
			dependencies = (
				7F06703B258975D000CF0E9E /* PBXTargetDependency */,
			);
			name = ThoughtsUITests;
			productName = ThoughtsUITests;
			productReference = 7F067039258975D000CF0E9E /* ThoughtsUITests.xctest */;
			productType = "com.apple.product-type.bundle.ui-testing";
		};
/* End PBXNativeTarget section */

/* Begin PBXProject section */
		7F067010258975CF00CF0E9E /* Project object */ = {
			isa = PBXProject;
			attributes = {
				LastSwiftUpdateCheck = 1160;
				LastUpgradeCheck = 1160;
				ORGANIZATIONNAME = "Paul Blackburn";
				TargetAttributes = {
					7F067017258975CF00CF0E9E = {
						CreatedOnToolsVersion = 11.6;
					};
					7F06702D258975D000CF0E9E = {
						CreatedOnToolsVersion = 11.6;
						TestTargetID = 7F067017258975CF00CF0E9E;
					};
					7F067038258975D000CF0E9E = {
						CreatedOnToolsVersion = 11.6;
						TestTargetID = 7F067017258975CF00CF0E9E;
					};
				};
			};
			buildConfigurationList = 7F067013258975CF00CF0E9E /* Build configuration list for PBXProject "Thoughts" */;
			compatibilityVersion = "Xcode 9.3";
			developmentRegion = en;
			hasScannedForEncodings = 0;
			knownRegions = (
				en,
				Base,
			);
			mainGroup = 7F06700F258975CF00CF0E9E;
			productRefGroup = 7F067019258975CF00CF0E9E /* Products */;
			projectDirPath = "";
			projectRoot = "";
			targets = (
				7F067017258975CF00CF0E9E /* Thoughts */,
				7F06702D258975D000CF0E9E /* ThoughtsTests */,
				7F067038258975D000CF0E9E /* ThoughtsUITests */,
			);
		};
/* End PBXProject section */

/* Begin PBXResourcesBuildPhase section */
		7F067016258975CF00CF0E9E /* Resources */ = {
			isa = PBXResourcesBuildPhase;
			buildActionMask = 2147483647;
			files = (
				7F067028258975D000CF0E9E /* LaunchScreen.storyboard in Resources */,
				7F067025258975D000CF0E9E /* Preview Assets.xcassets in Resources */,
				7F067022258975D000CF0E9E /* Assets.xcassets in Resources */,
			);
			runOnlyForDeploymentPostprocessing = 0;
		};
		7F06702C258975D000CF0E9E /* Resources */ = {
			isa = PBXResourcesBuildPhase;
			buildActionMask = 2147483647;
			files = (
			);
			runOnlyForDeploymentPostprocessing = 0;
		};
		7F067037258975D000CF0E9E /* Resources */ = {
			isa = PBXResourcesBuildPhase;
			buildActionMask = 2147483647;
			files = (
			);
			runOnlyForDeploymentPostprocessing = 0;
		};
/* End PBXResourcesBuildPhase section */

/* Begin PBXSourcesBuildPhase section */
		7F067014258975CF00CF0E9E /* Sources */ = {
			isa = PBXSourcesBuildPhase;
			buildActionMask = 2147483647;
			files = (
				7F06701C258975CF00CF0E9E /* AppDelegate.swift in Sources */,
				7F06701E258975CF00CF0E9E /* SceneDelegate.swift in Sources */,
				7F067020258975CF00CF0E9E /* ContentView.swift in Sources */,
			);
			runOnlyForDeploymentPostprocessing = 0;
		};
		7F06702A258975D000CF0E9E /* Sources */ = {
			isa = PBXSourcesBuildPhase;
			buildActionMask = 2147483647;
			files = (
				7F067033258975D000CF0E9E /* ThoughtsTests.swift in Sources */,
			);
			runOnlyForDeploymentPostprocessing = 0;
		};
		7F067035258975D000CF0E9E /* Sources */ = {
			isa = PBXSourcesBuildPhase;
			buildActionMask = 2147483647;
			files = (
				7F06703E258975D000CF0E9E /* ThoughtsUITests.swift in Sources */,
			);
			runOnlyForDeploymentPostprocessing = 0;
		};
/* End PBXSourcesBuildPhase section */

/* Begin PBXTargetDependency section */
		7F067030258975D000CF0E9E /* PBXTargetDependency */ = {
			isa = PBXTargetDependency;
			target = 7F067017258975CF00CF0E9E /* Thoughts */;
			targetProxy = 7F06702F258975D000CF0E9E /* PBXContainerItemProxy */;
		};
		7F06703B258975D000CF0E9E /* PBXTargetDependency */ = {
			isa = PBXTargetDependency;
			target = 7F067017258975CF00CF0E9E /* Thoughts */;
			targetProxy = 7F06703A258975D000CF0E9E /* PBXContainerItemProxy */;
		};
/* End PBXTargetDependency section */

/* Begin PBXVariantGroup section */
		7F067026258975D000CF0E9E /* LaunchScreen.storyboard */ = {
			isa = PBXVariantGroup;
			children = (
				7F067027258975D000CF0E9E /* Base */,
			);
			name = LaunchScreen.storyboard;
			sourceTree = "<group>";
		};
/* End PBXVariantGroup section */

/* Begin XCBuildConfiguration section */
		7F067040258975D000CF0E9E /* Debug */ = {
			isa = XCBuildConfiguration;
			buildSettings = {
				ALWAYS_SEARCH_USER_PATHS = NO;
				CLANG_ANALYZER_NONNULL = YES;
				CLANG_ANALYZER_NUMBER_OBJECT_CONVERSION = YES_AGGRESSIVE;
				CLANG_CXX_LANGUAGE_STANDARD = "gnu++14";
				CLANG_CXX_LIBRARY = "libc++";
				CLANG_ENABLE_MODULES = YES;
				CLANG_ENABLE_OBJC_ARC = YES;
				CLANG_ENABLE_OBJC_WEAK = YES;
				CLANG_WARN_BLOCK_CAPTURE_AUTORELEASING = YES;
				CLANG_WARN_BOOL_CONVERSION = YES;
				CLANG_WARN_COMMA = YES;
				CLANG_WARN_CONSTANT_CONVERSION = YES;
				CLANG_WARN_DEPRECATED_OBJC_IMPLEMENTATIONS = YES;
				CLANG_WARN_DIRECT_OBJC_ISA_USAGE = YES_ERROR;
				CLANG_WARN_DOCUMENTATION_COMMENTS = YES;
				CLANG_WARN_EMPTY_BODY = YES;
				CLANG_WARN_ENUM_CONVERSION = YES;
				CLANG_WARN_INFINITE_RECURSION = YES;
				CLANG_WARN_INT_CONVERSION = YES;
				CLANG_WARN_NON_LITERAL_NULL_CONVERSION = YES;
				CLANG_WARN_OBJC_IMPLICIT_RETAIN_SELF = YES;
				CLANG_WARN_OBJC_LITERAL_CONVERSION = YES;
				CLANG_WARN_OBJC_ROOT_CLASS = YES_ERROR;
				CLANG_WARN_RANGE_LOOP_ANALYSIS = YES;
				CLANG_WARN_STRICT_PROTOTYPES = YES;
				CLANG_WARN_SUSPICIOUS_MOVE = YES;
				CLANG_WARN_UNGUARDED_AVAILABILITY = YES_AGGRESSIVE;
				CLANG_WARN_UNREACHABLE_CODE = YES;
				CLANG_WARN__DUPLICATE_METHOD_MATCH = YES;
				COPY_PHASE_STRIP = NO;
				DEBUG_INFORMATION_FORMAT = dwarf;
				ENABLE_STRICT_OBJC_MSGSEND = YES;
				ENABLE_TESTABILITY = YES;
				GCC_C_LANGUAGE_STANDARD = gnu11;
				GCC_DYNAMIC_NO_PIC = NO;
				GCC_NO_COMMON_BLOCKS = YES;
				GCC_OPTIMIZATION_LEVEL = 0;
				GCC_PREPROCESSOR_DEFINITIONS = (
					"DEBUG=1",
					"$(inherited)",
				);
				GCC_WARN_64_TO_32_BIT_CONVERSION = YES;
				GCC_WARN_ABOUT_RETURN_TYPE = YES_ERROR;
				GCC_WARN_UNDECLARED_SELECTOR = YES;
				GCC_WARN_UNINITIALIZED_AUTOS = YES_AGGRESSIVE;
				GCC_WARN_UNUSED_FUNCTION = YES;
				GCC_WARN_UNUSED_VARIABLE = YES;
				IPHONEOS_DEPLOYMENT_TARGET = 13.6;
				MTL_ENABLE_DEBUG_INFO = INCLUDE_SOURCE;
				MTL_FAST_MATH = YES;
				ONLY_ACTIVE_ARCH = YES;
				SDKROOT = iphoneos;
				SWIFT_ACTIVE_COMPILATION_CONDITIONS = DEBUG;
				SWIFT_OPTIMIZATION_LEVEL = "-Onone";
			};
			name = Debug;
		};
		7F067041258975D000CF0E9E /* Release */ = {
			isa = XCBuildConfiguration;
			buildSettings = {
				ALWAYS_SEARCH_USER_PATHS = NO;
				CLANG_ANALYZER_NONNULL = YES;
				CLANG_ANALYZER_NUMBER_OBJECT_CONVERSION = YES_AGGRESSIVE;
				CLANG_CXX_LANGUAGE_STANDARD = "gnu++14";
				CLANG_CXX_LIBRARY = "libc++";
				CLANG_ENABLE_MODULES = YES;
				CLANG_ENABLE_OBJC_ARC = YES;
				CLANG_ENABLE_OBJC_WEAK = YES;
				CLANG_WARN_BLOCK_CAPTURE_AUTORELEASING = YES;
				CLANG_WARN_BOOL_CONVERSION = YES;
				CLANG_WARN_COMMA = YES;
				CLANG_WARN_CONSTANT_CONVERSION = YES;
				CLANG_WARN_DEPRECATED_OBJC_IMPLEMENTATIONS = YES;
				CLANG_WARN_DIRECT_OBJC_ISA_USAGE = YES_ERROR;
				CLANG_WARN_DOCUMENTATION_COMMENTS = YES;
				CLANG_WARN_EMPTY_BODY = YES;
				CLANG_WARN_ENUM_CONVERSION = YES;
				CLANG_WARN_INFINITE_RECURSION = YES;
				CLANG_WARN_INT_CONVERSION = YES;
				CLANG_WARN_NON_LITERAL_NULL_CONVERSION = YES;
				CLANG_WARN_OBJC_IMPLICIT_RETAIN_SELF = YES;
				CLANG_WARN_OBJC_LITERAL_CONVERSION = YES;
				CLANG_WARN_OBJC_ROOT_CLASS = YES_ERROR;
				CLANG_WARN_RANGE_LOOP_ANALYSIS = YES;
				CLANG_WARN_STRICT_PROTOTYPES = YES;
				CLANG_WARN_SUSPICIOUS_MOVE = YES;
				CLANG_WARN_UNGUARDED_AVAILABILITY = YES_AGGRESSIVE;
				CLANG_WARN_UNREACHABLE_CODE = YES;
				CLANG_WARN__DUPLICATE_METHOD_MATCH = YES;
				COPY_PHASE_STRIP = NO;
				DEBUG_INFORMATION_FORMAT = "dwarf-with-dsym";
				ENABLE_NS_ASSERTIONS = NO;
				ENABLE_STRICT_OBJC_MSGSEND = YES;
				GCC_C_LANGUAGE_STANDARD = gnu11;
				GCC_NO_COMMON_BLOCKS = YES;
				GCC_WARN_64_TO_32_BIT_CONVERSION = YES;
				GCC_WARN_ABOUT_RETURN_TYPE = YES_ERROR;
				GCC_WARN_UNDECLARED_SELECTOR = YES;
				GCC_WARN_UNINITIALIZED_AUTOS = YES_AGGRESSIVE;
				GCC_WARN_UNUSED_FUNCTION = YES;
				GCC_WARN_UNUSED_VARIABLE = YES;
				IPHONEOS_DEPLOYMENT_TARGET = 13.6;
				MTL_ENABLE_DEBUG_INFO = NO;
				MTL_FAST_MATH = YES;
				SDKROOT = iphoneos;
				SWIFT_COMPILATION_MODE = wholemodule;
				SWIFT_OPTIMIZATION_LEVEL = "-O";
				VALIDATE_PRODUCT = YES;
			};
			name = Release;
		};
		7F067043258975D000CF0E9E /* Debug */ = {
			isa = XCBuildConfiguration;
			buildSettings = {
				ASSETCATALOG_COMPILER_APPICON_NAME = AppIcon;
				CODE_SIGN_STYLE = Automatic;
				DEVELOPMENT_ASSET_PATHS = "\"Thoughts/Preview Content\"";
				ENABLE_PREVIEWS = YES;
				INFOPLIST_FILE = Thoughts/Info.plist;
				LD_RUNPATH_SEARCH_PATHS = (
					"$(inherited)",
					"@executable_path/Frameworks",
				);
				PRODUCT_BUNDLE_IDENTIFIER = com.pblackburn.Thoughts;
				PRODUCT_NAME = "$(TARGET_NAME)";
				SWIFT_VERSION = 5.0;
				TARGETED_DEVICE_FAMILY = "1,2";
			};
			name = Debug;
		};
		7F067044258975D000CF0E9E /* Release */ = {
			isa = XCBuildConfiguration;
			buildSettings = {
				ASSETCATALOG_COMPILER_APPICON_NAME = AppIcon;
				CODE_SIGN_STYLE = Automatic;
				DEVELOPMENT_ASSET_PATHS = "\"Thoughts/Preview Content\"";
				ENABLE_PREVIEWS = YES;
				INFOPLIST_FILE = Thoughts/Info.plist;
				LD_RUNPATH_SEARCH_PATHS = (
					"$(inherited)",
					"@executable_path/Frameworks",
				);
				PRODUCT_BUNDLE_IDENTIFIER = com.pblackburn.Thoughts;
				PRODUCT_NAME = "$(TARGET_NAME)";
				SWIFT_VERSION = 5.0;
				TARGETED_DEVICE_FAMILY = "1,2";
			};
			name = Release;
		};
		7F067046258975D000CF0E9E /* Debug */ = {
			isa = XCBuildConfiguration;
			buildSettings = {
				ALWAYS_EMBED_SWIFT_STANDARD_LIBRARIES = YES;
				BUNDLE_LOADER = "$(TEST_HOST)";
				CODE_SIGN_STYLE = Automatic;
				INFOPLIST_FILE = ThoughtsTests/Info.plist;
				IPHONEOS_DEPLOYMENT_TARGET = 13.6;
				LD_RUNPATH_SEARCH_PATHS = (
					"$(inherited)",
					"@executable_path/Frameworks",
					"@loader_path/Frameworks",
				);
				PRODUCT_BUNDLE_IDENTIFIER = com.pblackburn.ThoughtsTests;
				PRODUCT_NAME = "$(TARGET_NAME)";
				SWIFT_VERSION = 5.0;
				TARGETED_DEVICE_FAMILY = "1,2";
				TEST_HOST = "$(BUILT_PRODUCTS_DIR)/Thoughts.app/Thoughts";
			};
			name = Debug;
		};
		7F067047258975D000CF0E9E /* Release */ = {
			isa = XCBuildConfiguration;
			buildSettings = {
				ALWAYS_EMBED_SWIFT_STANDARD_LIBRARIES = YES;
				BUNDLE_LOADER = "$(TEST_HOST)";
				CODE_SIGN_STYLE = Automatic;
				INFOPLIST_FILE = ThoughtsTests/Info.plist;
				IPHONEOS_DEPLOYMENT_TARGET = 13.6;
				LD_RUNPATH_SEARCH_PATHS = (
					"$(inherited)",
					"@executable_path/Frameworks",
					"@loader_path/Frameworks",
				);
				PRODUCT_BUNDLE_IDENTIFIER = com.pblackburn.ThoughtsTests;
				PRODUCT_NAME = "$(TARGET_NAME)";
				SWIFT_VERSION = 5.0;
				TARGETED_DEVICE_FAMILY = "1,2";
				TEST_HOST = "$(BUILT_PRODUCTS_DIR)/Thoughts.app/Thoughts";
			};
			name = Release;
		};
		7F067049258975D000CF0E9E /* Debug */ = {
			isa = XCBuildConfiguration;
			buildSettings = {
				ALWAYS_EMBED_SWIFT_STANDARD_LIBRARIES = YES;
				CODE_SIGN_STYLE = Automatic;
				INFOPLIST_FILE = ThoughtsUITests/Info.plist;
				LD_RUNPATH_SEARCH_PATHS = (
					"$(inherited)",
					"@executable_path/Frameworks",
					"@loader_path/Frameworks",
				);
				PRODUCT_BUNDLE_IDENTIFIER = com.pblackburn.ThoughtsUITests;
				PRODUCT_NAME = "$(TARGET_NAME)";
				SWIFT_VERSION = 5.0;
				TARGETED_DEVICE_FAMILY = "1,2";
				TEST_TARGET_NAME = Thoughts;
			};
			name = Debug;
		};
		7F06704A258975D000CF0E9E /* Release */ = {
			isa = XCBuildConfiguration;
			buildSettings = {
				ALWAYS_EMBED_SWIFT_STANDARD_LIBRARIES = YES;
				CODE_SIGN_STYLE = Automatic;
				INFOPLIST_FILE = ThoughtsUITests/Info.plist;
				LD_RUNPATH_SEARCH_PATHS = (
					"$(inherited)",
					"@executable_path/Frameworks",
					"@loader_path/Frameworks",
				);
				PRODUCT_BUNDLE_IDENTIFIER = com.pblackburn.ThoughtsUITests;
				PRODUCT_NAME = "$(TARGET_NAME)";
				SWIFT_VERSION = 5.0;
				TARGETED_DEVICE_FAMILY = "1,2";
				TEST_TARGET_NAME = Thoughts;
			};
			name = Release;
		};
/* End XCBuildConfiguration section */

/* Begin XCConfigurationList section */
		7F067013258975CF00CF0E9E /* Build configuration list for PBXProject "Thoughts" */ = {
			isa = XCConfigurationList;
			buildConfigurations = (
				7F067040258975D000CF0E9E /* Debug */,
				7F067041258975D000CF0E9E /* Release */,
			);
			defaultConfigurationIsVisible = 0;
			defaultConfigurationName = Release;
		};
		7F067042258975D000CF0E9E /* Build configuration list for PBXNativeTarget "Thoughts" */ = {
			isa = XCConfigurationList;
			buildConfigurations = (
				7F067043258975D000CF0E9E /* Debug */,
				7F067044258975D000CF0E9E /* Release */,
			);
			defaultConfigurationIsVisible = 0;
			defaultConfigurationName = Release;
		};
		7F067045258975D000CF0E9E /* Build configuration list for PBXNativeTarget "ThoughtsTests" */ = {
			isa = XCConfigurationList;
			buildConfigurations = (
				7F067046258975D000CF0E9E /* Debug */,
				7F067047258975D000CF0E9E /* Release */,
			);
			defaultConfigurationIsVisible = 0;
			defaultConfigurationName = Release;
		};
		7F067048258975D000CF0E9E /* Build configuration list for PBXNativeTarget "ThoughtsUITests" */ = {
			isa = XCConfigurationList;
			buildConfigurations = (
				7F067049258975D000CF0E9E /* Debug */,
				7F06704A258975D000CF0E9E /* Release */,
			);
			defaultConfigurationIsVisible = 0;
			defaultConfigurationName = Release;
		};
/* End XCConfigurationList section */
	};
	rootObject = 7F067010258975CF00CF0E9E /* Project object */;
}
